// !$*UTF8*$!
{
	archiveVersion = 1;
	classes = {
	};
	objectVersion = 50;
	objects = {

/* Begin PBXBuildFile section */
		920952F22690CB0300BC902B /* Category.swift in Sources */ = {isa = PBXBuildFile; fileRef = 920952F12690CB0300BC902B /* Category.swift */; };
		920952F42690CBA900BC902B /* CategoryItemView.swift in Sources */ = {isa = PBXBuildFile; fileRef = 920952F32690CBA900BC902B /* CategoryItemView.swift */; };
		920952F62690CE1E00BC902B /* CategoryGridView.swift in Sources */ = {isa = PBXBuildFile; fileRef = 920952F52690CE1E00BC902B /* CategoryGridView.swift */; };
		920952F82690D07100BC902B /* SectionView.swift in Sources */ = {isa = PBXBuildFile; fileRef = 920952F72690D07100BC902B /* SectionView.swift */; };
		920952FA2690D86F00BC902B /* ProductItemView.swift in Sources */ = {isa = PBXBuildFile; fileRef = 920952F92690D86F00BC902B /* ProductItemView.swift */; };
		920952FC2690D8BD00BC902B /* Product.swift in Sources */ = {isa = PBXBuildFile; fileRef = 920952FB2690D8BD00BC902B /* Product.swift */; };
		920953002690E22E00BC902B /* TitleView.swift in Sources */ = {isa = PBXBuildFile; fileRef = 920952FF2690E22E00BC902B /* TitleView.swift */; };
		920953022690E76400BC902B /* Brand.swift in Sources */ = {isa = PBXBuildFile; fileRef = 920953012690E76400BC902B /* Brand.swift */; };
		920953042690E7BF00BC902B /* BrandItemView.swift in Sources */ = {isa = PBXBuildFile; fileRef = 920953032690E7BF00BC902B /* BrandItemView.swift */; };
		920953062690E97300BC902B /* BrandGridView.swift in Sources */ = {isa = PBXBuildFile; fileRef = 920953052690E97300BC902B /* BrandGridView.swift */; };
		920953082690EC0600BC902B /* ProductGridView.swift in Sources */ = {isa = PBXBuildFile; fileRef = 920953072690EC0600BC902B /* ProductGridView.swift */; };
		929D37D4268FE86C00616D42 /* FlyShoesApp.swift in Sources */ = {isa = PBXBuildFile; fileRef = 929D37D3268FE86C00616D42 /* FlyShoesApp.swift */; };
		929D37D6268FE86C00616D42 /* ContentView.swift in Sources */ = {isa = PBXBuildFile; fileRef = 929D37D5268FE86C00616D42 /* ContentView.swift */; };
		929D37D8268FE86E00616D42 /* Assets.xcassets in Resources */ = {isa = PBXBuildFile; fileRef = 929D37D7268FE86E00616D42 /* Assets.xcassets */; };
		929D37DB268FE86E00616D42 /* Preview Assets.xcassets in Resources */ = {isa = PBXBuildFile; fileRef = 929D37DA268FE86E00616D42 /* Preview Assets.xcassets */; };
		929D37E6268FEBB700616D42 /* product.json in Resources */ = {isa = PBXBuildFile; fileRef = 929D37E2268FEBB700616D42 /* product.json */; };
		929D37E7268FEBB700616D42 /* category.json in Resources */ = {isa = PBXBuildFile; fileRef = 929D37E3268FEBB700616D42 /* category.json */; };
		929D37E8268FEBB700616D42 /* brand.json in Resources */ = {isa = PBXBuildFile; fileRef = 929D37E4268FEBB700616D42 /* brand.json */; };
		929D37E9268FEBB700616D42 /* sports.json in Resources */ = {isa = PBXBuildFile; fileRef = 929D37E5268FEBB700616D42 /* sports.json */; };
		929D37F3268FEE9B00616D42 /* Constant.swift in Sources */ = {isa = PBXBuildFile; fileRef = 929D37F2268FEE9B00616D42 /* Constant.swift */; };
		929D37F5268FEF9000616D42 /* FooterView.swift in Sources */ = {isa = PBXBuildFile; fileRef = 929D37F4268FEF8F00616D42 /* FooterView.swift */; };
		929D37F7268FF50E00616D42 /* NavigationBarView.swift in Sources */ = {isa = PBXBuildFile; fileRef = 929D37F6268FF50E00616D42 /* NavigationBarView.swift */; };
		929D37F9268FF70B00616D42 /* LogoView.swift in Sources */ = {isa = PBXBuildFile; fileRef = 929D37F8268FF70B00616D42 /* LogoView.swift */; };
		929D37FB268FFC0300616D42 /* Sport.swift in Sources */ = {isa = PBXBuildFile; fileRef = 929D37FA268FFC0300616D42 /* Sport.swift */; };
		929D37FD268FFC5400616D42 /* CodableBundleExtension.swift in Sources */ = {isa = PBXBuildFile; fileRef = 929D37FC268FFC5400616D42 /* CodableBundleExtension.swift */; };
		929D37FF268FFCD700616D42 /* FeatureItemView.swift in Sources */ = {isa = PBXBuildFile; fileRef = 929D37FE268FFCD700616D42 /* FeatureItemView.swift */; };
		929D3801268FFE9500616D42 /* FeatureTabView.swift in Sources */ = {isa = PBXBuildFile; fileRef = 929D3800268FFE9500616D42 /* FeatureTabView.swift */; };
/* End PBXBuildFile section */

/* Begin PBXFileReference section */
		920952F12690CB0300BC902B /* Category.swift */ = {isa = PBXFileReference; lastKnownFileType = sourcecode.swift; path = Category.swift; sourceTree = "<group>"; };
		920952F32690CBA900BC902B /* CategoryItemView.swift */ = {isa = PBXFileReference; lastKnownFileType = sourcecode.swift; path = CategoryItemView.swift; sourceTree = "<group>"; };
		920952F52690CE1E00BC902B /* CategoryGridView.swift */ = {isa = PBXFileReference; lastKnownFileType = sourcecode.swift; path = CategoryGridView.swift; sourceTree = "<group>"; };
		920952F72690D07100BC902B /* SectionView.swift */ = {isa = PBXFileReference; lastKnownFileType = sourcecode.swift; path = SectionView.swift; sourceTree = "<group>"; };
		920952F92690D86F00BC902B /* ProductItemView.swift */ = {isa = PBXFileReference; lastKnownFileType = sourcecode.swift; path = ProductItemView.swift; sourceTree = "<group>"; };
		920952FB2690D8BD00BC902B /* Product.swift */ = {isa = PBXFileReference; lastKnownFileType = sourcecode.swift; path = Product.swift; sourceTree = "<group>"; };
		920952FF2690E22E00BC902B /* TitleView.swift */ = {isa = PBXFileReference; lastKnownFileType = sourcecode.swift; path = TitleView.swift; sourceTree = "<group>"; };
		920953012690E76400BC902B /* Brand.swift */ = {isa = PBXFileReference; lastKnownFileType = sourcecode.swift; path = Brand.swift; sourceTree = "<group>"; };
		920953032690E7BF00BC902B /* BrandItemView.swift */ = {isa = PBXFileReference; lastKnownFileType = sourcecode.swift; path = BrandItemView.swift; sourceTree = "<group>"; };
		920953052690E97300BC902B /* BrandGridView.swift */ = {isa = PBXFileReference; lastKnownFileType = sourcecode.swift; path = BrandGridView.swift; sourceTree = "<group>"; };
		920953072690EC0600BC902B /* ProductGridView.swift */ = {isa = PBXFileReference; lastKnownFileType = sourcecode.swift; path = ProductGridView.swift; sourceTree = "<group>"; };
		929D37D0268FE86C00616D42 /* FlyShoes.app */ = {isa = PBXFileReference; explicitFileType = wrapper.application; includeInIndex = 0; path = FlyShoes.app; sourceTree = BUILT_PRODUCTS_DIR; };
		929D37D3268FE86C00616D42 /* FlyShoesApp.swift */ = {isa = PBXFileReference; lastKnownFileType = sourcecode.swift; path = FlyShoesApp.swift; sourceTree = "<group>"; };
		929D37D5268FE86C00616D42 /* ContentView.swift */ = {isa = PBXFileReference; lastKnownFileType = sourcecode.swift; path = ContentView.swift; sourceTree = "<group>"; };
		929D37D7268FE86E00616D42 /* Assets.xcassets */ = {isa = PBXFileReference; lastKnownFileType = folder.assetcatalog; path = Assets.xcassets; sourceTree = "<group>"; };
		929D37DA268FE86E00616D42 /* Preview Assets.xcassets */ = {isa = PBXFileReference; lastKnownFileType = folder.assetcatalog; path = "Preview Assets.xcassets"; sourceTree = "<group>"; };
		929D37DC268FE86E00616D42 /* Info.plist */ = {isa = PBXFileReference; lastKnownFileType = text.plist.xml; path = Info.plist; sourceTree = "<group>"; };
		929D37E2268FEBB700616D42 /* product.json */ = {isa = PBXFileReference; fileEncoding = 4; lastKnownFileType = text.json; path = product.json; sourceTree = "<group>"; };
		929D37E3268FEBB700616D42 /* category.json */ = {isa = PBXFileReference; fileEncoding = 4; lastKnownFileType = text.json; path = category.json; sourceTree = "<group>"; };
		929D37E4268FEBB700616D42 /* brand.json */ = {isa = PBXFileReference; fileEncoding = 4; lastKnownFileType = text.json; path = brand.json; sourceTree = "<group>"; };
		929D37E5268FEBB700616D42 /* sports.json */ = {isa = PBXFileReference; fileEncoding = 4; lastKnownFileType = text.json; path = sports.json; sourceTree = "<group>"; };
		929D37F2268FEE9B00616D42 /* Constant.swift */ = {isa = PBXFileReference; lastKnownFileType = sourcecode.swift; path = Constant.swift; sourceTree = "<group>"; };
		929D37F4268FEF8F00616D42 /* FooterView.swift */ = {isa = PBXFileReference; lastKnownFileType = sourcecode.swift; path = FooterView.swift; sourceTree = "<group>"; };
		929D37F6268FF50E00616D42 /* NavigationBarView.swift */ = {isa = PBXFileReference; lastKnownFileType = sourcecode.swift; path = NavigationBarView.swift; sourceTree = "<group>"; };
		929D37F8268FF70B00616D42 /* LogoView.swift */ = {isa = PBXFileReference; lastKnownFileType = sourcecode.swift; path = LogoView.swift; sourceTree = "<group>"; };
		929D37FA268FFC0300616D42 /* Sport.swift */ = {isa = PBXFileReference; lastKnownFileType = sourcecode.swift; path = Sport.swift; sourceTree = "<group>"; };
		929D37FC268FFC5400616D42 /* CodableBundleExtension.swift */ = {isa = PBXFileReference; lastKnownFileType = sourcecode.swift; path = CodableBundleExtension.swift; sourceTree = "<group>"; };
		929D37FE268FFCD700616D42 /* FeatureItemView.swift */ = {isa = PBXFileReference; lastKnownFileType = sourcecode.swift; path = FeatureItemView.swift; sourceTree = "<group>"; };
		929D3800268FFE9500616D42 /* FeatureTabView.swift */ = {isa = PBXFileReference; lastKnownFileType = sourcecode.swift; path = FeatureTabView.swift; sourceTree = "<group>"; };
/* End PBXFileReference section */

/* Begin PBXFrameworksBuildPhase section */
		929D37CD268FE86C00616D42 /* Frameworks */ = {
			isa = PBXFrameworksBuildPhase;
			buildActionMask = 2147483647;
			files = (
			);
			runOnlyForDeploymentPostprocessing = 0;
		};
/* End PBXFrameworksBuildPhase section */

/* Begin PBXGroup section */
		929D37C7268FE86C00616D42 = {
			isa = PBXGroup;
			children = (
				929D37D2268FE86C00616D42 /* FlyShoes */,
				929D37D1268FE86C00616D42 /* Products */,
			);
			sourceTree = "<group>";
		};
		929D37D1268FE86C00616D42 /* Products */ = {
			isa = PBXGroup;
			children = (
				929D37D0268FE86C00616D42 /* FlyShoes.app */,
			);
			name = Products;
			sourceTree = "<group>";
		};
		929D37D2268FE86C00616D42 /* FlyShoes */ = {
			isa = PBXGroup;
			children = (
				929D37EB268FEE2100616D42 /* App */,
				929D37EF268FEE5C00616D42 /* Model */,
				929D37EC268FEE3300616D42 /* View */,
				929D37F1268FEE6B00616D42 /* Utility */,
				929D37F0268FEE6300616D42 /* Extension */,
				929D37EA268FEBC200616D42 /* Data */,
				929D37D7268FE86E00616D42 /* Assets.xcassets */,
				929D37DC268FE86E00616D42 /* Info.plist */,
				929D37D9268FE86E00616D42 /* Preview Content */,
			);
			path = FlyShoes;
			sourceTree = "<group>";
		};
		929D37D9268FE86E00616D42 /* Preview Content */ = {
			isa = PBXGroup;
			children = (
				929D37DA268FE86E00616D42 /* Preview Assets.xcassets */,
			);
			path = "Preview Content";
			sourceTree = "<group>";
		};
		929D37EA268FEBC200616D42 /* Data */ = {
			isa = PBXGroup;
			children = (
				929D37E4268FEBB700616D42 /* brand.json */,
				929D37E3268FEBB700616D42 /* category.json */,
				929D37E2268FEBB700616D42 /* product.json */,
				929D37E5268FEBB700616D42 /* sports.json */,
			);
			path = Data;
			sourceTree = "<group>";
		};
		929D37EB268FEE2100616D42 /* App */ = {
			isa = PBXGroup;
			children = (
				929D37D3268FE86C00616D42 /* FlyShoesApp.swift */,
				929D37D5268FE86C00616D42 /* ContentView.swift */,
			);
			path = App;
			sourceTree = "<group>";
		};
		929D37EC268FEE3300616D42 /* View */ = {
			isa = PBXGroup;
			children = (
				929D37ED268FEE3B00616D42 /* Home */,
				929D37EE268FEE4300616D42 /* Detail */,
			);
			path = View;
			sourceTree = "<group>";
		};
		929D37ED268FEE3B00616D42 /* Home */ = {
			isa = PBXGroup;
			children = (
				929D37F4268FEF8F00616D42 /* FooterView.swift */,
				929D37F6268FF50E00616D42 /* NavigationBarView.swift */,
				929D37F8268FF70B00616D42 /* LogoView.swift */,
				929D37FE268FFCD700616D42 /* FeatureItemView.swift */,
				929D3800268FFE9500616D42 /* FeatureTabView.swift */,
				920952F32690CBA900BC902B /* CategoryItemView.swift */,
				920952F52690CE1E00BC902B /* CategoryGridView.swift */,
				920952F72690D07100BC902B /* SectionView.swift */,
				920952F92690D86F00BC902B /* ProductItemView.swift */,
				920953072690EC0600BC902B /* ProductGridView.swift */,
				920952FF2690E22E00BC902B /* TitleView.swift */,
				920953032690E7BF00BC902B /* BrandItemView.swift */,
				920953052690E97300BC902B /* BrandGridView.swift */,
			);
			path = Home;
			sourceTree = "<group>";
		};
		929D37EE268FEE4300616D42 /* Detail */ = {
			isa = PBXGroup;
			children = (
			);
			path = Detail;
			sourceTree = "<group>";
		};
		929D37EF268FEE5C00616D42 /* Model */ = {
			isa = PBXGroup;
			children = (
				929D37FA268FFC0300616D42 /* Sport.swift */,
				920952F12690CB0300BC902B /* Category.swift */,
				920952FB2690D8BD00BC902B /* Product.swift */,
				920953012690E76400BC902B /* Brand.swift */,
			);
			path = Model;
			sourceTree = "<group>";
		};
		929D37F0268FEE6300616D42 /* Extension */ = {
			isa = PBXGroup;
			children = (
				929D37FC268FFC5400616D42 /* CodableBundleExtension.swift */,
			);
			path = Extension;
			sourceTree = "<group>";
		};
		929D37F1268FEE6B00616D42 /* Utility */ = {
			isa = PBXGroup;
			children = (
				929D37F2268FEE9B00616D42 /* Constant.swift */,
			);
			path = Utility;
			sourceTree = "<group>";
		};
/* End PBXGroup section */

/* Begin PBXNativeTarget section */
		929D37CF268FE86C00616D42 /* FlyShoes */ = {
			isa = PBXNativeTarget;
			buildConfigurationList = 929D37DF268FE86E00616D42 /* Build configuration list for PBXNativeTarget "FlyShoes" */;
			buildPhases = (
				929D37CC268FE86C00616D42 /* Sources */,
				929D37CD268FE86C00616D42 /* Frameworks */,
				929D37CE268FE86C00616D42 /* Resources */,
			);
			buildRules = (
			);
			dependencies = (
			);
			name = FlyShoes;
			productName = FlyShoes;
			productReference = 929D37D0268FE86C00616D42 /* FlyShoes.app */;
			productType = "com.apple.product-type.application";
		};
/* End PBXNativeTarget section */

/* Begin PBXProject section */
		929D37C8268FE86C00616D42 /* Project object */ = {
			isa = PBXProject;
			attributes = {
				LastSwiftUpdateCheck = 1250;
				LastUpgradeCheck = 1250;
				TargetAttributes = {
					929D37CF268FE86C00616D42 = {
						CreatedOnToolsVersion = 12.5.1;
					};
				};
			};
			buildConfigurationList = 929D37CB268FE86C00616D42 /* Build configuration list for PBXProject "FlyShoes" */;
			compatibilityVersion = "Xcode 9.3";
			developmentRegion = en;
			hasScannedForEncodings = 0;
			knownRegions = (
				en,
				Base,
			);
			mainGroup = 929D37C7268FE86C00616D42;
			productRefGroup = 929D37D1268FE86C00616D42 /* Products */;
			projectDirPath = "";
			projectRoot = "";
			targets = (
				929D37CF268FE86C00616D42 /* FlyShoes */,
			);
		};
/* End PBXProject section */

/* Begin PBXResourcesBuildPhase section */
		929D37CE268FE86C00616D42 /* Resources */ = {
			isa = PBXResourcesBuildPhase;
			buildActionMask = 2147483647;
			files = (
				929D37DB268FE86E00616D42 /* Preview Assets.xcassets in Resources */,
				929D37E8268FEBB700616D42 /* brand.json in Resources */,
				929D37E9268FEBB700616D42 /* sports.json in Resources */,
				929D37D8268FE86E00616D42 /* Assets.xcassets in Resources */,
				929D37E6268FEBB700616D42 /* product.json in Resources */,
				929D37E7268FEBB700616D42 /* category.json in Resources */,
			);
			runOnlyForDeploymentPostprocessing = 0;
		};
/* End PBXResourcesBuildPhase section */

/* Begin PBXSourcesBuildPhase section */
		929D37CC268FE86C00616D42 /* Sources */ = {
			isa = PBXSourcesBuildPhase;
			buildActionMask = 2147483647;
			files = (
				920952FA2690D86F00BC902B /* ProductItemView.swift in Sources */,
				920953022690E76400BC902B /* Brand.swift in Sources */,
				929D37FF268FFCD700616D42 /* FeatureItemView.swift in Sources */,
				929D3801268FFE9500616D42 /* FeatureTabView.swift in Sources */,
				929D37FD268FFC5400616D42 /* CodableBundleExtension.swift in Sources */,
				929D37FB268FFC0300616D42 /* Sport.swift in Sources */,
				920953062690E97300BC902B /* BrandGridView.swift in Sources */,
				920953002690E22E00BC902B /* TitleView.swift in Sources */,
				929D37D6268FE86C00616D42 /* ContentView.swift in Sources */,
				929D37F9268FF70B00616D42 /* LogoView.swift in Sources */,
				929D37F5268FEF9000616D42 /* FooterView.swift in Sources */,
				920952F62690CE1E00BC902B /* CategoryGridView.swift in Sources */,
				920952FC2690D8BD00BC902B /* Product.swift in Sources */,
				920953042690E7BF00BC902B /* BrandItemView.swift in Sources */,
				929D37D4268FE86C00616D42 /* FlyShoesApp.swift in Sources */,
				929D37F3268FEE9B00616D42 /* Constant.swift in Sources */,
				920952F82690D07100BC902B /* SectionView.swift in Sources */,
				920952F42690CBA900BC902B /* CategoryItemView.swift in Sources */,
				929D37F7268FF50E00616D42 /* NavigationBarView.swift in Sources */,
				920953082690EC0600BC902B /* ProductGridView.swift in Sources */,
				920952F22690CB0300BC902B /* Category.swift in Sources */,
			);
			runOnlyForDeploymentPostprocessing = 0;
		};
/* End PBXSourcesBuildPhase section */

/* Begin XCBuildConfiguration section */
		929D37DD268FE86E00616D42 /* Debug */ = {
			isa = XCBuildConfiguration;
			buildSettings = {
				ALWAYS_SEARCH_USER_PATHS = NO;
				CLANG_ANALYZER_NONNULL = YES;
				CLANG_ANALYZER_NUMBER_OBJECT_CONVERSION = YES_AGGRESSIVE;
				CLANG_CXX_LANGUAGE_STANDARD = "gnu++14";
				CLANG_CXX_LIBRARY = "libc++";
				CLANG_ENABLE_MODULES = YES;
				CLANG_ENABLE_OBJC_ARC = YES;
				CLANG_ENABLE_OBJC_WEAK = YES;
				CLANG_WARN_BLOCK_CAPTURE_AUTORELEASING = YES;
				CLANG_WARN_BOOL_CONVERSION = YES;
				CLANG_WARN_COMMA = YES;
				CLANG_WARN_CONSTANT_CONVERSION = YES;
				CLANG_WARN_DEPRECATED_OBJC_IMPLEMENTATIONS = YES;
				CLANG_WARN_DIRECT_OBJC_ISA_USAGE = YES_ERROR;
				CLANG_WARN_DOCUMENTATION_COMMENTS = YES;
				CLANG_WARN_EMPTY_BODY = YES;
				CLANG_WARN_ENUM_CONVERSION = YES;
				CLANG_WARN_INFINITE_RECURSION = YES;
				CLANG_WARN_INT_CONVERSION = YES;
				CLANG_WARN_NON_LITERAL_NULL_CONVERSION = YES;
				CLANG_WARN_OBJC_IMPLICIT_RETAIN_SELF = YES;
				CLANG_WARN_OBJC_LITERAL_CONVERSION = YES;
				CLANG_WARN_OBJC_ROOT_CLASS = YES_ERROR;
				CLANG_WARN_QUOTED_INCLUDE_IN_FRAMEWORK_HEADER = YES;
				CLANG_WARN_RANGE_LOOP_ANALYSIS = YES;
				CLANG_WARN_STRICT_PROTOTYPES = YES;
				CLANG_WARN_SUSPICIOUS_MOVE = YES;
				CLANG_WARN_UNGUARDED_AVAILABILITY = YES_AGGRESSIVE;
				CLANG_WARN_UNREACHABLE_CODE = YES;
				CLANG_WARN__DUPLICATE_METHOD_MATCH = YES;
				COPY_PHASE_STRIP = NO;
				DEBUG_INFORMATION_FORMAT = dwarf;
				ENABLE_STRICT_OBJC_MSGSEND = YES;
				ENABLE_TESTABILITY = YES;
				GCC_C_LANGUAGE_STANDARD = gnu11;
				GCC_DYNAMIC_NO_PIC = NO;
				GCC_NO_COMMON_BLOCKS = YES;
				GCC_OPTIMIZATION_LEVEL = 0;
				GCC_PREPROCESSOR_DEFINITIONS = (
					"DEBUG=1",
					"$(inherited)",
				);
				GCC_WARN_64_TO_32_BIT_CONVERSION = YES;
				GCC_WARN_ABOUT_RETURN_TYPE = YES_ERROR;
				GCC_WARN_UNDECLARED_SELECTOR = YES;
				GCC_WARN_UNINITIALIZED_AUTOS = YES_AGGRESSIVE;
				GCC_WARN_UNUSED_FUNCTION = YES;
				GCC_WARN_UNUSED_VARIABLE = YES;
				IPHONEOS_DEPLOYMENT_TARGET = 14.5;
				MTL_ENABLE_DEBUG_INFO = INCLUDE_SOURCE;
				MTL_FAST_MATH = YES;
				ONLY_ACTIVE_ARCH = YES;
				SDKROOT = iphoneos;
				SWIFT_ACTIVE_COMPILATION_CONDITIONS = DEBUG;
				SWIFT_OPTIMIZATION_LEVEL = "-Onone";
			};
			name = Debug;
		};
		929D37DE268FE86E00616D42 /* Release */ = {
			isa = XCBuildConfiguration;
			buildSettings = {
				ALWAYS_SEARCH_USER_PATHS = NO;
				CLANG_ANALYZER_NONNULL = YES;
				CLANG_ANALYZER_NUMBER_OBJECT_CONVERSION = YES_AGGRESSIVE;
				CLANG_CXX_LANGUAGE_STANDARD = "gnu++14";
				CLANG_CXX_LIBRARY = "libc++";
				CLANG_ENABLE_MODULES = YES;
				CLANG_ENABLE_OBJC_ARC = YES;
				CLANG_ENABLE_OBJC_WEAK = YES;
				CLANG_WARN_BLOCK_CAPTURE_AUTORELEASING = YES;
				CLANG_WARN_BOOL_CONVERSION = YES;
				CLANG_WARN_COMMA = YES;
				CLANG_WARN_CONSTANT_CONVERSION = YES;
				CLANG_WARN_DEPRECATED_OBJC_IMPLEMENTATIONS = YES;
				CLANG_WARN_DIRECT_OBJC_ISA_USAGE = YES_ERROR;
				CLANG_WARN_DOCUMENTATION_COMMENTS = YES;
				CLANG_WARN_EMPTY_BODY = YES;
				CLANG_WARN_ENUM_CONVERSION = YES;
				CLANG_WARN_INFINITE_RECURSION = YES;
				CLANG_WARN_INT_CONVERSION = YES;
				CLANG_WARN_NON_LITERAL_NULL_CONVERSION = YES;
				CLANG_WARN_OBJC_IMPLICIT_RETAIN_SELF = YES;
				CLANG_WARN_OBJC_LITERAL_CONVERSION = YES;
				CLANG_WARN_OBJC_ROOT_CLASS = YES_ERROR;
				CLANG_WARN_QUOTED_INCLUDE_IN_FRAMEWORK_HEADER = YES;
				CLANG_WARN_RANGE_LOOP_ANALYSIS = YES;
				CLANG_WARN_STRICT_PROTOTYPES = YES;
				CLANG_WARN_SUSPICIOUS_MOVE = YES;
				CLANG_WARN_UNGUARDED_AVAILABILITY = YES_AGGRESSIVE;
				CLANG_WARN_UNREACHABLE_CODE = YES;
				CLANG_WARN__DUPLICATE_METHOD_MATCH = YES;
				COPY_PHASE_STRIP = NO;
				DEBUG_INFORMATION_FORMAT = "dwarf-with-dsym";
				ENABLE_NS_ASSERTIONS = NO;
				ENABLE_STRICT_OBJC_MSGSEND = YES;
				GCC_C_LANGUAGE_STANDARD = gnu11;
				GCC_NO_COMMON_BLOCKS = YES;
				GCC_WARN_64_TO_32_BIT_CONVERSION = YES;
				GCC_WARN_ABOUT_RETURN_TYPE = YES_ERROR;
				GCC_WARN_UNDECLARED_SELECTOR = YES;
				GCC_WARN_UNINITIALIZED_AUTOS = YES_AGGRESSIVE;
				GCC_WARN_UNUSED_FUNCTION = YES;
				GCC_WARN_UNUSED_VARIABLE = YES;
				IPHONEOS_DEPLOYMENT_TARGET = 14.5;
				MTL_ENABLE_DEBUG_INFO = NO;
				MTL_FAST_MATH = YES;
				SDKROOT = iphoneos;
				SWIFT_COMPILATION_MODE = wholemodule;
				SWIFT_OPTIMIZATION_LEVEL = "-O";
				VALIDATE_PRODUCT = YES;
			};
			name = Release;
		};
		929D37E0268FE86E00616D42 /* Debug */ = {
			isa = XCBuildConfiguration;
			buildSettings = {
				ASSETCATALOG_COMPILER_APPICON_NAME = AppIcon;
				ASSETCATALOG_COMPILER_GLOBAL_ACCENT_COLOR_NAME = AccentColor;
				CODE_SIGN_STYLE = Automatic;
				DEVELOPMENT_ASSET_PATHS = "\"FlyShoes/Preview Content\"";
				DEVELOPMENT_TEAM = C5X59J2BHA;
				ENABLE_PREVIEWS = YES;
				INFOPLIST_FILE = FlyShoes/Info.plist;
				IPHONEOS_DEPLOYMENT_TARGET = 14.0;
				LD_RUNPATH_SEARCH_PATHS = (
					"$(inherited)",
					"@executable_path/Frameworks",
				);
				PRODUCT_BUNDLE_IDENTIFIER = br.com.zcodes.FlyShoes;
				PRODUCT_NAME = "$(TARGET_NAME)";
				SWIFT_VERSION = 5.0;
				TARGETED_DEVICE_FAMILY = "1,2";
			};
			name = Debug;
		};
		929D37E1268FE86E00616D42 /* Release */ = {
			isa = XCBuildConfiguration;
			buildSettings = {
				ASSETCATALOG_COMPILER_APPICON_NAME = AppIcon;
				ASSETCATALOG_COMPILER_GLOBAL_ACCENT_COLOR_NAME = AccentColor;
				CODE_SIGN_STYLE = Automatic;
				DEVELOPMENT_ASSET_PATHS = "\"FlyShoes/Preview Content\"";
				DEVELOPMENT_TEAM = C5X59J2BHA;
				ENABLE_PREVIEWS = YES;
				INFOPLIST_FILE = FlyShoes/Info.plist;
				IPHONEOS_DEPLOYMENT_TARGET = 14.0;
				LD_RUNPATH_SEARCH_PATHS = (
					"$(inherited)",
					"@executable_path/Frameworks",
				);
				PRODUCT_BUNDLE_IDENTIFIER = br.com.zcodes.FlyShoes;
				PRODUCT_NAME = "$(TARGET_NAME)";
				SWIFT_VERSION = 5.0;
				TARGETED_DEVICE_FAMILY = "1,2";
			};
			name = Release;
		};
/* End XCBuildConfiguration section */

/* Begin XCConfigurationList section */
		929D37CB268FE86C00616D42 /* Build configuration list for PBXProject "FlyShoes" */ = {
			isa = XCConfigurationList;
			buildConfigurations = (
				929D37DD268FE86E00616D42 /* Debug */,
				929D37DE268FE86E00616D42 /* Release */,
			);
			defaultConfigurationIsVisible = 0;
			defaultConfigurationName = Release;
		};
		929D37DF268FE86E00616D42 /* Build configuration list for PBXNativeTarget "FlyShoes" */ = {
			isa = XCConfigurationList;
			buildConfigurations = (
				929D37E0268FE86E00616D42 /* Debug */,
				929D37E1268FE86E00616D42 /* Release */,
			);
			defaultConfigurationIsVisible = 0;
			defaultConfigurationName = Release;
		};
/* End XCConfigurationList section */
	};
	rootObject = 929D37C8268FE86C00616D42 /* Project object */;
}
